
Microsoft Visual Studio Solution File, Format Version 12.00
# Visual Studio 15
VisualStudioVersion = 15.0.28307.168
MinimumVisualStudioVersion = 10.0.40219.1
Project("{FAE04EC0-301F-11D3-BF4B-00C04F79EFBC}") = "ProjectCeleste.GameFiles.XMLParser", "ProjectCeleste.GameFiles.XMLParser\ProjectCeleste.GameFiles.XMLParser.csproj", "{BA7E026C-3C95-401C-B1BF-15FF1D8E16F6}"
EndProject
Global
	GlobalSection(SolutionConfigurationPlatforms) = preSolution
		Debug|Any CPU = Debug|Any CPU
		Release|Any CPU = Release|Any CPU
	EndGlobalSection
	GlobalSection(ProjectConfigurationPlatforms) = postSolution
		{BA7E026C-3C95-401C-B1BF-15FF1D8E16F6}.Debug|Any CPU.ActiveCfg = Debug|Any CPU
		{BA7E026C-3C95-401C-B1BF-15FF1D8E16F6}.Debug|Any CPU.Build.0 = Debug|Any CPU
		{BA7E026C-3C95-401C-B1BF-15FF1D8E16F6}.Release|Any CPU.ActiveCfg = Release|Any CPU
		{BA7E026C-3C95-401C-B1BF-15FF1D8E16F6}.Release|Any CPU.Build.0 = Release|Any CPU
	EndGlobalSection
	GlobalSection(SolutionProperties) = preSolution
		HideSolutionNode = FALSE
	EndGlobalSection
	GlobalSection(ExtensibilityGlobals) = postSolution
		SolutionGuid = {CBA33469-6326-47B9-9856-4AA8D0704C92}
	EndGlobalSection
EndGlobal
