
Microsoft Visual Studio Solution File, Format Version 12.00
# Visual Studio 15
VisualStudioVersion = 15.0.28307.168
MinimumVisualStudioVersion = 10.0.40219.1
Project("{9A19103F-16F7-4668-BE54-9A1E7A4F7556}") = "ProjectCeleste.GameFiles.XMLParser", "src\ProjectCeleste.GameFiles.XMLParser.csproj", "{6878B2FD-9A41-489A-8ED4-6032392D4732}"
EndProject
Global
	GlobalSection(SolutionConfigurationPlatforms) = preSolution
		Debug|Any CPU = Debug|Any CPU
		Release|Any CPU = Release|Any CPU
	EndGlobalSection
	GlobalSection(ProjectConfigurationPlatforms) = postSolution
		{6878B2FD-9A41-489A-8ED4-6032392D4732}.Debug|Any CPU.ActiveCfg = Debug|Any CPU
		{6878B2FD-9A41-489A-8ED4-6032392D4732}.Debug|Any CPU.Build.0 = Debug|Any CPU
		{6878B2FD-9A41-489A-8ED4-6032392D4732}.Release|Any CPU.ActiveCfg = Release|Any CPU
		{6878B2FD-9A41-489A-8ED4-6032392D4732}.Release|Any CPU.Build.0 = Release|Any CPU
	EndGlobalSection
	GlobalSection(SolutionProperties) = preSolution
		HideSolutionNode = FALSE
	EndGlobalSection
	GlobalSection(ExtensibilityGlobals) = postSolution
		SolutionGuid = {CBA33469-6326-47B9-9856-4AA8D0704C92}
	EndGlobalSection
EndGlobal
